
Microsoft Visual Studio Solution File, Format Version 12.00
# Visual Studio Version 16
VisualStudioVersion = 16.0.810.9
MinimumVisualStudioVersion = 10.0.40219.1
Project("{FAE04EC0-301F-11D3-BF4B-00C04F79EFBC}") = "exchange-infrastructure", "exchange-infrastructure\exchange-infrastructure.csproj", "{B8CB3B6D-2D66-4632-BA26-F917B3876BA4}"
EndProject
Project("{FAE04EC0-301F-11D3-BF4B-00C04F79EFBC}") = "exchange-domain", "exchange-domain\exchange-domain.csproj", "{F08E1E27-13F9-4E74-805F-BF710C4D1B3E}"
EndProject
Project("{FAE04EC0-301F-11D3-BF4B-00C04F79EFBC}") = "exchange-application", "exchange-application\exchange-application.csproj", "{6F96E2F4-BFB8-4684-A948-81E03B24BF37}"
EndProject
Project("{FAE04EC0-301F-11D3-BF4B-00C04F79EFBC}") = "exchange-ui", "exchange-ui\exchange-ui.csproj", "{E27DB506-721E-4C04-9ABE-F6E4921D1687}"
EndProject
Global
	GlobalSection(SolutionConfigurationPlatforms) = preSolution
		Debug|Any CPU = Debug|Any CPU
		Release|Any CPU = Release|Any CPU
	EndGlobalSection
	GlobalSection(ProjectConfigurationPlatforms) = postSolution
		{B8CB3B6D-2D66-4632-BA26-F917B3876BA4}.Debug|Any CPU.ActiveCfg = Debug|Any CPU
		{B8CB3B6D-2D66-4632-BA26-F917B3876BA4}.Debug|Any CPU.Build.0 = Debug|Any CPU
		{B8CB3B6D-2D66-4632-BA26-F917B3876BA4}.Release|Any CPU.ActiveCfg = Release|Any CPU
		{B8CB3B6D-2D66-4632-BA26-F917B3876BA4}.Release|Any CPU.Build.0 = Release|Any CPU
		{F08E1E27-13F9-4E74-805F-BF710C4D1B3E}.Debug|Any CPU.ActiveCfg = Debug|Any CPU
		{F08E1E27-13F9-4E74-805F-BF710C4D1B3E}.Debug|Any CPU.Build.0 = Debug|Any CPU
		{F08E1E27-13F9-4E74-805F-BF710C4D1B3E}.Release|Any CPU.ActiveCfg = Release|Any CPU
		{F08E1E27-13F9-4E74-805F-BF710C4D1B3E}.Release|Any CPU.Build.0 = Release|Any CPU
		{6F96E2F4-BFB8-4684-A948-81E03B24BF37}.Debug|Any CPU.ActiveCfg = Debug|Any CPU
		{6F96E2F4-BFB8-4684-A948-81E03B24BF37}.Debug|Any CPU.Build.0 = Debug|Any CPU
		{6F96E2F4-BFB8-4684-A948-81E03B24BF37}.Release|Any CPU.ActiveCfg = Release|Any CPU
		{6F96E2F4-BFB8-4684-A948-81E03B24BF37}.Release|Any CPU.Build.0 = Release|Any CPU
		{E27DB506-721E-4C04-9ABE-F6E4921D1687}.Debug|Any CPU.ActiveCfg = Debug|Any CPU
		{E27DB506-721E-4C04-9ABE-F6E4921D1687}.Debug|Any CPU.Build.0 = Debug|Any CPU
		{E27DB506-721E-4C04-9ABE-F6E4921D1687}.Release|Any CPU.ActiveCfg = Release|Any CPU
		{E27DB506-721E-4C04-9ABE-F6E4921D1687}.Release|Any CPU.Build.0 = Release|Any CPU
	EndGlobalSection
	GlobalSection(SolutionProperties) = preSolution
		HideSolutionNode = FALSE
	EndGlobalSection
	GlobalSection(ExtensibilityGlobals) = postSolution
		SolutionGuid = {1CD29521-E4EF-4C6F-A599-78522E7D07C9}
	EndGlobalSection
EndGlobal
